{
  "object": {
    "pins": [
      {
        "package": "AlertX",
        "repositoryURL": "https://github.com/neel-makhecha/AlertX.git",
        "state": {
          "branch": null,
          "revision": "8a360e662b6347735140b3216ff4aa5fe97af681",
          "version": "1.2.1"
        }
      }
    ]
  },
  "version": 1
}
