// !$*UTF8*$!
{
	archiveVersion = 1;
	classes = {
	};
	objectVersion = 55;
	objects = {

/* Begin PBXBuildFile section */
		5F4B7BD328F6C3B600EFC1F5 /* ManageExpensesApp.swift in Sources */ = {isa = PBXBuildFile; fileRef = 5F4B7BD228F6C3B600EFC1F5 /* ManageExpensesApp.swift */; };
		5F4B7BD728F6C3BC00EFC1F5 /* Assets.xcassets in Resources */ = {isa = PBXBuildFile; fileRef = 5F4B7BD628F6C3BC00EFC1F5 /* Assets.xcassets */; };
		5F4B7BDA28F6C3BC00EFC1F5 /* Preview Assets.xcassets in Resources */ = {isa = PBXBuildFile; fileRef = 5F4B7BD928F6C3BC00EFC1F5 /* Preview Assets.xcassets */; };
		5F4B7BE428F6C3BC00EFC1F5 /* ManageExpensesTests.swift in Sources */ = {isa = PBXBuildFile; fileRef = 5F4B7BE328F6C3BC00EFC1F5 /* ManageExpensesTests.swift */; };
		5F4B7BEE28F6C3BC00EFC1F5 /* ManageExpensesUITests.swift in Sources */ = {isa = PBXBuildFile; fileRef = 5F4B7BED28F6C3BC00EFC1F5 /* ManageExpensesUITests.swift */; };
		5F4B7BF028F6C3BC00EFC1F5 /* ManageExpensesUITestsLaunchTests.swift in Sources */ = {isa = PBXBuildFile; fileRef = 5F4B7BEF28F6C3BC00EFC1F5 /* ManageExpensesUITestsLaunchTests.swift */; };
		5F4B7BFD28F6C56B00EFC1F5 /* LoginIntroPageView.swift in Sources */ = {isa = PBXBuildFile; fileRef = 5F4B7BFC28F6C56B00EFC1F5 /* LoginIntroPageView.swift */; };
		5F4B7C0128F6CE8400EFC1F5 /* LoginIntroModel.swift in Sources */ = {isa = PBXBuildFile; fileRef = 5F4B7C0028F6CE8400EFC1F5 /* LoginIntroModel.swift */; };
		5F4B7C0528F6D27600EFC1F5 /* CustomColor.swift in Sources */ = {isa = PBXBuildFile; fileRef = 5F4B7C0428F6D27600EFC1F5 /* CustomColor.swift */; };
		5F4B7C0928F6D7B000EFC1F5 /* ButtonsStyles.swift in Sources */ = {isa = PBXBuildFile; fileRef = 5F4B7C0728F6D7B000EFC1F5 /* ButtonsStyles.swift */; };
		5F4B7C0A28F6D7B000EFC1F5 /* ButtonWidgetView.swift in Sources */ = {isa = PBXBuildFile; fileRef = 5F4B7C0828F6D7B000EFC1F5 /* ButtonWidgetView.swift */; };
		5F4B7C0C28F6E30100EFC1F5 /* SignUpView.swift in Sources */ = {isa = PBXBuildFile; fileRef = 5F4B7C0B28F6E30000EFC1F5 /* SignUpView.swift */; };
		FAA478E628F87BD700C06B31 /* LoginIntroViewModel.swift in Sources */ = {isa = PBXBuildFile; fileRef = FAA478E528F87BD700C06B31 /* LoginIntroViewModel.swift */; };
		FAA478E828F87FD300C06B31 /* LoginIntroView.swift in Sources */ = {isa = PBXBuildFile; fileRef = FAA478E728F87FD300C06B31 /* LoginIntroView.swift */; };
		FAA478F028F8849000C06B31 /* SignupVerification.swift in Sources */ = {isa = PBXBuildFile; fileRef = FAA478EF28F8849000C06B31 /* SignupVerification.swift */; };
		FAA478F228F8AEF300C06B31 /* PasscodeWidgetView.swift in Sources */ = {isa = PBXBuildFile; fileRef = FAA478F128F8AEF300C06B31 /* PasscodeWidgetView.swift */; };
		FAB1E33C28F735A600667CF2 /* InputWidgetView.swift in Sources */ = {isa = PBXBuildFile; fileRef = FAB1E33B28F735A600667CF2 /* InputWidgetView.swift */; };
		FAB1E33F28F73F0900667CF2 /* UIView.swift in Sources */ = {isa = PBXBuildFile; fileRef = FAB1E33E28F73F0900667CF2 /* UIView.swift */; };
		FAB1E34128F743E500667CF2 /* Utilities.swift in Sources */ = {isa = PBXBuildFile; fileRef = FAB1E34028F743E500667CF2 /* Utilities.swift */; };
		FAB1E34328F7441800667CF2 /* String.swift in Sources */ = {isa = PBXBuildFile; fileRef = FAB1E34228F7441800667CF2 /* String.swift */; };
		FAB1E34628F746AA00667CF2 /* Constants.swift in Sources */ = {isa = PBXBuildFile; fileRef = FAB1E34528F746AA00667CF2 /* Constants.swift */; };
		FAB1E34828F7E8FF00667CF2 /* NavigationView.swift in Sources */ = {isa = PBXBuildFile; fileRef = FAB1E34728F7E8FF00667CF2 /* NavigationView.swift */; };
		FAB1E34A28F7EDC900667CF2 /* Image.swift in Sources */ = {isa = PBXBuildFile; fileRef = FAB1E34928F7EDC900667CF2 /* Image.swift */; };
		FAB1E35028F7F81F00667CF2 /* WebView.swift in Sources */ = {isa = PBXBuildFile; fileRef = FAB1E34F28F7F81F00667CF2 /* WebView.swift */; };
		FAB1E35528F7FBFE00667CF2 /* termAndCondition.html in Resources */ = {isa = PBXBuildFile; fileRef = FAB1E35428F7FBFE00667CF2 /* termAndCondition.html */; };
		FAB1E35828F7FCC300667CF2 /* Enums.swift in Sources */ = {isa = PBXBuildFile; fileRef = FAB1E35728F7FCC300667CF2 /* Enums.swift */; };
/* End PBXBuildFile section */

/* Begin PBXContainerItemProxy section */
		5F4B7BE028F6C3BC00EFC1F5 /* PBXContainerItemProxy */ = {
			isa = PBXContainerItemProxy;
			containerPortal = 5F4B7BC728F6C3B600EFC1F5 /* Project object */;
			proxyType = 1;
			remoteGlobalIDString = 5F4B7BCE28F6C3B600EFC1F5;
			remoteInfo = ManageExpenses;
		};
		5F4B7BEA28F6C3BC00EFC1F5 /* PBXContainerItemProxy */ = {
			isa = PBXContainerItemProxy;
			containerPortal = 5F4B7BC728F6C3B600EFC1F5 /* Project object */;
			proxyType = 1;
			remoteGlobalIDString = 5F4B7BCE28F6C3B600EFC1F5;
			remoteInfo = ManageExpenses;
		};
/* End PBXContainerItemProxy section */

/* Begin PBXFileReference section */
		5F4B7BCF28F6C3B600EFC1F5 /* ManageExpenses.app */ = {isa = PBXFileReference; explicitFileType = wrapper.application; includeInIndex = 0; path = ManageExpenses.app; sourceTree = BUILT_PRODUCTS_DIR; };
		5F4B7BD228F6C3B600EFC1F5 /* ManageExpensesApp.swift */ = {isa = PBXFileReference; lastKnownFileType = sourcecode.swift; path = ManageExpensesApp.swift; sourceTree = "<group>"; };
		5F4B7BD628F6C3BC00EFC1F5 /* Assets.xcassets */ = {isa = PBXFileReference; lastKnownFileType = folder.assetcatalog; path = Assets.xcassets; sourceTree = "<group>"; };
		5F4B7BD928F6C3BC00EFC1F5 /* Preview Assets.xcassets */ = {isa = PBXFileReference; lastKnownFileType = folder.assetcatalog; path = "Preview Assets.xcassets"; sourceTree = "<group>"; };
		5F4B7BDF28F6C3BC00EFC1F5 /* ManageExpensesTests.xctest */ = {isa = PBXFileReference; explicitFileType = wrapper.cfbundle; includeInIndex = 0; path = ManageExpensesTests.xctest; sourceTree = BUILT_PRODUCTS_DIR; };
		5F4B7BE328F6C3BC00EFC1F5 /* ManageExpensesTests.swift */ = {isa = PBXFileReference; lastKnownFileType = sourcecode.swift; path = ManageExpensesTests.swift; sourceTree = "<group>"; };
		5F4B7BE928F6C3BC00EFC1F5 /* ManageExpensesUITests.xctest */ = {isa = PBXFileReference; explicitFileType = wrapper.cfbundle; includeInIndex = 0; path = ManageExpensesUITests.xctest; sourceTree = BUILT_PRODUCTS_DIR; };
		5F4B7BED28F6C3BC00EFC1F5 /* ManageExpensesUITests.swift */ = {isa = PBXFileReference; lastKnownFileType = sourcecode.swift; path = ManageExpensesUITests.swift; sourceTree = "<group>"; };
		5F4B7BEF28F6C3BC00EFC1F5 /* ManageExpensesUITestsLaunchTests.swift */ = {isa = PBXFileReference; lastKnownFileType = sourcecode.swift; path = ManageExpensesUITestsLaunchTests.swift; sourceTree = "<group>"; };
		5F4B7BFC28F6C56B00EFC1F5 /* LoginIntroPageView.swift */ = {isa = PBXFileReference; lastKnownFileType = sourcecode.swift; path = LoginIntroPageView.swift; sourceTree = "<group>"; };
		5F4B7C0028F6CE8400EFC1F5 /* LoginIntroModel.swift */ = {isa = PBXFileReference; lastKnownFileType = sourcecode.swift; path = LoginIntroModel.swift; sourceTree = "<group>"; };
		5F4B7C0428F6D27600EFC1F5 /* CustomColor.swift */ = {isa = PBXFileReference; lastKnownFileType = sourcecode.swift; path = CustomColor.swift; sourceTree = "<group>"; };
		5F4B7C0728F6D7B000EFC1F5 /* ButtonsStyles.swift */ = {isa = PBXFileReference; fileEncoding = 4; lastKnownFileType = sourcecode.swift; path = ButtonsStyles.swift; sourceTree = "<group>"; };
		5F4B7C0828F6D7B000EFC1F5 /* ButtonWidgetView.swift */ = {isa = PBXFileReference; fileEncoding = 4; lastKnownFileType = sourcecode.swift; path = ButtonWidgetView.swift; sourceTree = "<group>"; };
		5F4B7C0B28F6E30000EFC1F5 /* SignUpView.swift */ = {isa = PBXFileReference; lastKnownFileType = sourcecode.swift; path = SignUpView.swift; sourceTree = "<group>"; };
		FAA478E528F87BD700C06B31 /* LoginIntroViewModel.swift */ = {isa = PBXFileReference; lastKnownFileType = sourcecode.swift; path = LoginIntroViewModel.swift; sourceTree = "<group>"; };
		FAA478E728F87FD300C06B31 /* LoginIntroView.swift */ = {isa = PBXFileReference; fileEncoding = 4; lastKnownFileType = sourcecode.swift; path = LoginIntroView.swift; sourceTree = "<group>"; };
		FAA478EF28F8849000C06B31 /* SignupVerification.swift */ = {isa = PBXFileReference; lastKnownFileType = sourcecode.swift; path = SignupVerification.swift; sourceTree = "<group>"; };
		FAA478F128F8AEF300C06B31 /* PasscodeWidgetView.swift */ = {isa = PBXFileReference; lastKnownFileType = sourcecode.swift; path = PasscodeWidgetView.swift; sourceTree = "<group>"; };
		FAB1E33B28F735A600667CF2 /* InputWidgetView.swift */ = {isa = PBXFileReference; lastKnownFileType = sourcecode.swift; path = InputWidgetView.swift; sourceTree = "<group>"; };
		FAB1E33E28F73F0900667CF2 /* UIView.swift */ = {isa = PBXFileReference; lastKnownFileType = sourcecode.swift; path = UIView.swift; sourceTree = "<group>"; };
		FAB1E34028F743E500667CF2 /* Utilities.swift */ = {isa = PBXFileReference; lastKnownFileType = sourcecode.swift; path = Utilities.swift; sourceTree = "<group>"; };
		FAB1E34228F7441800667CF2 /* String.swift */ = {isa = PBXFileReference; lastKnownFileType = sourcecode.swift; path = String.swift; sourceTree = "<group>"; };
		FAB1E34528F746AA00667CF2 /* Constants.swift */ = {isa = PBXFileReference; lastKnownFileType = sourcecode.swift; path = Constants.swift; sourceTree = "<group>"; };
		FAB1E34728F7E8FF00667CF2 /* NavigationView.swift */ = {isa = PBXFileReference; lastKnownFileType = sourcecode.swift; path = NavigationView.swift; sourceTree = "<group>"; };
		FAB1E34928F7EDC900667CF2 /* Image.swift */ = {isa = PBXFileReference; lastKnownFileType = sourcecode.swift; path = Image.swift; sourceTree = "<group>"; };
		FAB1E34F28F7F81F00667CF2 /* WebView.swift */ = {isa = PBXFileReference; lastKnownFileType = sourcecode.swift; path = WebView.swift; sourceTree = "<group>"; };
		FAB1E35428F7FBFE00667CF2 /* termAndCondition.html */ = {isa = PBXFileReference; lastKnownFileType = text.html; path = termAndCondition.html; sourceTree = "<group>"; };
		FAB1E35728F7FCC300667CF2 /* Enums.swift */ = {isa = PBXFileReference; lastKnownFileType = sourcecode.swift; path = Enums.swift; sourceTree = "<group>"; };
/* End PBXFileReference section */

/* Begin PBXFrameworksBuildPhase section */
		5F4B7BCC28F6C3B600EFC1F5 /* Frameworks */ = {
			isa = PBXFrameworksBuildPhase;
			buildActionMask = 2147483647;
			files = (
			);
			runOnlyForDeploymentPostprocessing = 0;
		};
		5F4B7BDC28F6C3BC00EFC1F5 /* Frameworks */ = {
			isa = PBXFrameworksBuildPhase;
			buildActionMask = 2147483647;
			files = (
			);
			runOnlyForDeploymentPostprocessing = 0;
		};
		5F4B7BE628F6C3BC00EFC1F5 /* Frameworks */ = {
			isa = PBXFrameworksBuildPhase;
			buildActionMask = 2147483647;
			files = (
			);
			runOnlyForDeploymentPostprocessing = 0;
		};
/* End PBXFrameworksBuildPhase section */

/* Begin PBXGroup section */
		5F4B7BC628F6C3B600EFC1F5 = {
			isa = PBXGroup;
			children = (
				5F4B7BD128F6C3B600EFC1F5 /* ManageExpenses */,
				5F4B7BE228F6C3BC00EFC1F5 /* ManageExpensesTests */,
				5F4B7BEC28F6C3BC00EFC1F5 /* ManageExpensesUITests */,
				5F4B7BD028F6C3B600EFC1F5 /* Products */,
			);
			sourceTree = "<group>";
		};
		5F4B7BD028F6C3B600EFC1F5 /* Products */ = {
			isa = PBXGroup;
			children = (
				5F4B7BCF28F6C3B600EFC1F5 /* ManageExpenses.app */,
				5F4B7BDF28F6C3BC00EFC1F5 /* ManageExpensesTests.xctest */,
				5F4B7BE928F6C3BC00EFC1F5 /* ManageExpensesUITests.xctest */,
			);
			name = Products;
			sourceTree = "<group>";
		};
		5F4B7BD128F6C3B600EFC1F5 /* ManageExpenses */ = {
			isa = PBXGroup;
			children = (
				FAA478EA28F8810800C06B31 /* Application */,
				FAB1E34428F7469400667CF2 /* Constants */,
				FAA478ED28F881AC00C06B31 /* Helper */,
				FAA478E328F879E300C06B31 /* Models */,
				FAA478E128F879BA00C06B31 /* Views */,
				FAA478E428F87B8300C06B31 /* ViewModels */,
				FAA478EB28F8811A00C06B31 /* Resource */,
				5F4B7BD828F6C3BC00EFC1F5 /* Preview Content */,
			);
			path = ManageExpenses;
			sourceTree = "<group>";
		};
		5F4B7BD828F6C3BC00EFC1F5 /* Preview Content */ = {
			isa = PBXGroup;
			children = (
				5F4B7BD928F6C3BC00EFC1F5 /* Preview Assets.xcassets */,
			);
			path = "Preview Content";
			sourceTree = "<group>";
		};
		5F4B7BE228F6C3BC00EFC1F5 /* ManageExpensesTests */ = {
			isa = PBXGroup;
			children = (
				5F4B7BE328F6C3BC00EFC1F5 /* ManageExpensesTests.swift */,
			);
			path = ManageExpensesTests;
			sourceTree = "<group>";
		};
		5F4B7BEC28F6C3BC00EFC1F5 /* ManageExpensesUITests */ = {
			isa = PBXGroup;
			children = (
				5F4B7BED28F6C3BC00EFC1F5 /* ManageExpensesUITests.swift */,
				5F4B7BEF28F6C3BC00EFC1F5 /* ManageExpensesUITestsLaunchTests.swift */,
			);
			path = ManageExpensesUITests;
			sourceTree = "<group>";
		};
		5F4B7C0628F6D7B000EFC1F5 /* ButtonWidgetView */ = {
			isa = PBXGroup;
			children = (
				5F4B7C0728F6D7B000EFC1F5 /* ButtonsStyles.swift */,
				5F4B7C0828F6D7B000EFC1F5 /* ButtonWidgetView.swift */,
			);
			path = ButtonWidgetView;
			sourceTree = "<group>";
		};
		FAA478E128F879BA00C06B31 /* Views */ = {
			isa = PBXGroup;
			children = (
				FAA478E228F879CA00C06B31 /* LoginIntro */,
				FAA478E928F880D300C06B31 /* Signup */,
			);
			path = Views;
			sourceTree = "<group>";
		};
		FAA478E228F879CA00C06B31 /* LoginIntro */ = {
			isa = PBXGroup;
			children = (
				FAA478E728F87FD300C06B31 /* LoginIntroView.swift */,
				5F4B7BFC28F6C56B00EFC1F5 /* LoginIntroPageView.swift */,
			);
			path = LoginIntro;
			sourceTree = "<group>";
		};
		FAA478E328F879E300C06B31 /* Models */ = {
			isa = PBXGroup;
			children = (
				5F4B7C0028F6CE8400EFC1F5 /* LoginIntroModel.swift */,
			);
			path = Models;
			sourceTree = "<group>";
		};
		FAA478E428F87B8300C06B31 /* ViewModels */ = {
			isa = PBXGroup;
			children = (
				FAA478E528F87BD700C06B31 /* LoginIntroViewModel.swift */,
			);
			path = ViewModels;
			sourceTree = "<group>";
		};
		FAA478E928F880D300C06B31 /* Signup */ = {
			isa = PBXGroup;
			children = (
				5F4B7C0B28F6E30000EFC1F5 /* SignUpView.swift */,
				FAA478EF28F8849000C06B31 /* SignupVerification.swift */,
			);
			path = Signup;
			sourceTree = "<group>";
		};
		FAA478EA28F8810800C06B31 /* Application */ = {
			isa = PBXGroup;
			children = (
				5F4B7BD228F6C3B600EFC1F5 /* ManageExpensesApp.swift */,
			);
			path = Application;
			sourceTree = "<group>";
		};
		FAA478EB28F8811A00C06B31 /* Resource */ = {
			isa = PBXGroup;
			children = (
				5F4B7BD628F6C3BC00EFC1F5 /* Assets.xcassets */,
			);
			path = Resource;
			sourceTree = "<group>";
		};
		FAA478EC28F8812C00C06B31 /* Utilities */ = {
			isa = PBXGroup;
			children = (
				FAB1E34028F743E500667CF2 /* Utilities.swift */,
			);
			path = Utilities;
			sourceTree = "<group>";
		};
		FAA478ED28F881AC00C06B31 /* Helper */ = {
			isa = PBXGroup;
			children = (
				FAB1E34E28F7F7DE00667CF2 /* BridgingUIKit */,
				FAB1E35328F7F98700667CF2 /* HTMLs */,
				FAB1E33D28F73EF200667CF2 /* Extension */,
				FAB1E34B28F7F74B00667CF2 /* Widgets */,
				FAA478EC28F8812C00C06B31 /* Utilities */,
			);
			path = Helper;
			sourceTree = "<group>";
		};
		FAB1E33A28F7358C00667CF2 /* InputFields */ = {
			isa = PBXGroup;
			children = (
				FAB1E33B28F735A600667CF2 /* InputWidgetView.swift */,
				FAA478F128F8AEF300C06B31 /* PasscodeWidgetView.swift */,
			);
			path = InputFields;
			sourceTree = "<group>";
		};
		FAB1E33D28F73EF200667CF2 /* Extension */ = {
			isa = PBXGroup;
			children = (
				FAB1E33E28F73F0900667CF2 /* UIView.swift */,
				FAB1E34228F7441800667CF2 /* String.swift */,
				FAB1E34728F7E8FF00667CF2 /* NavigationView.swift */,
				FAB1E34928F7EDC900667CF2 /* Image.swift */,
			);
			path = Extension;
			sourceTree = "<group>";
		};
		FAB1E34428F7469400667CF2 /* Constants */ = {
			isa = PBXGroup;
			children = (
				5F4B7C0428F6D27600EFC1F5 /* CustomColor.swift */,
				FAB1E34528F746AA00667CF2 /* Constants.swift */,
				FAB1E35728F7FCC300667CF2 /* Enums.swift */,
			);
			path = Constants;
			sourceTree = "<group>";
		};
		FAB1E34B28F7F74B00667CF2 /* Widgets */ = {
			isa = PBXGroup;
			children = (
				FAB1E33A28F7358C00667CF2 /* InputFields */,
				5F4B7C0628F6D7B000EFC1F5 /* ButtonWidgetView */,
			);
			path = Widgets;
			sourceTree = "<group>";
		};
		FAB1E34E28F7F7DE00667CF2 /* BridgingUIKit */ = {
			isa = PBXGroup;
			children = (
				FAB1E34F28F7F81F00667CF2 /* WebView.swift */,
			);
			path = BridgingUIKit;
			sourceTree = "<group>";
		};
		FAB1E35328F7F98700667CF2 /* HTMLs */ = {
			isa = PBXGroup;
			children = (
				FAB1E35428F7FBFE00667CF2 /* termAndCondition.html */,
			);
			path = HTMLs;
			sourceTree = "<group>";
		};
/* End PBXGroup section */

/* Begin PBXNativeTarget section */
		5F4B7BCE28F6C3B600EFC1F5 /* ManageExpenses */ = {
			isa = PBXNativeTarget;
			buildConfigurationList = 5F4B7BF328F6C3BC00EFC1F5 /* Build configuration list for PBXNativeTarget "ManageExpenses" */;
			buildPhases = (
				5F4B7BCB28F6C3B600EFC1F5 /* Sources */,
				5F4B7BCC28F6C3B600EFC1F5 /* Frameworks */,
				5F4B7BCD28F6C3B600EFC1F5 /* Resources */,
			);
			buildRules = (
			);
			dependencies = (
			);
			name = ManageExpenses;
			productName = ManageExpenses;
			productReference = 5F4B7BCF28F6C3B600EFC1F5 /* ManageExpenses.app */;
			productType = "com.apple.product-type.application";
		};
		5F4B7BDE28F6C3BC00EFC1F5 /* ManageExpensesTests */ = {
			isa = PBXNativeTarget;
			buildConfigurationList = 5F4B7BF628F6C3BC00EFC1F5 /* Build configuration list for PBXNativeTarget "ManageExpensesTests" */;
			buildPhases = (
				5F4B7BDB28F6C3BC00EFC1F5 /* Sources */,
				5F4B7BDC28F6C3BC00EFC1F5 /* Frameworks */,
				5F4B7BDD28F6C3BC00EFC1F5 /* Resources */,
			);
			buildRules = (
			);
			dependencies = (
				5F4B7BE128F6C3BC00EFC1F5 /* PBXTargetDependency */,
			);
			name = ManageExpensesTests;
			productName = ManageExpensesTests;
			productReference = 5F4B7BDF28F6C3BC00EFC1F5 /* ManageExpensesTests.xctest */;
			productType = "com.apple.product-type.bundle.unit-test";
		};
		5F4B7BE828F6C3BC00EFC1F5 /* ManageExpensesUITests */ = {
			isa = PBXNativeTarget;
			buildConfigurationList = 5F4B7BF928F6C3BC00EFC1F5 /* Build configuration list for PBXNativeTarget "ManageExpensesUITests" */;
			buildPhases = (
				5F4B7BE528F6C3BC00EFC1F5 /* Sources */,
				5F4B7BE628F6C3BC00EFC1F5 /* Frameworks */,
				5F4B7BE728F6C3BC00EFC1F5 /* Resources */,
			);
			buildRules = (
			);
			dependencies = (
				5F4B7BEB28F6C3BC00EFC1F5 /* PBXTargetDependency */,
			);
			name = ManageExpensesUITests;
			productName = ManageExpensesUITests;
			productReference = 5F4B7BE928F6C3BC00EFC1F5 /* ManageExpensesUITests.xctest */;
			productType = "com.apple.product-type.bundle.ui-testing";
		};
/* End PBXNativeTarget section */

/* Begin PBXProject section */
		5F4B7BC728F6C3B600EFC1F5 /* Project object */ = {
			isa = PBXProject;
			attributes = {
				BuildIndependentTargetsInParallel = 1;
				LastSwiftUpdateCheck = 1330;
				LastUpgradeCheck = 1330;
				TargetAttributes = {
					5F4B7BCE28F6C3B600EFC1F5 = {
						CreatedOnToolsVersion = 13.3;
					};
					5F4B7BDE28F6C3BC00EFC1F5 = {
						CreatedOnToolsVersion = 13.3;
						TestTargetID = 5F4B7BCE28F6C3B600EFC1F5;
					};
					5F4B7BE828F6C3BC00EFC1F5 = {
						CreatedOnToolsVersion = 13.3;
						TestTargetID = 5F4B7BCE28F6C3B600EFC1F5;
					};
				};
			};
			buildConfigurationList = 5F4B7BCA28F6C3B600EFC1F5 /* Build configuration list for PBXProject "ManageExpenses" */;
			compatibilityVersion = "Xcode 13.0";
			developmentRegion = en;
			hasScannedForEncodings = 0;
			knownRegions = (
				en,
				Base,
			);
			mainGroup = 5F4B7BC628F6C3B600EFC1F5;
			productRefGroup = 5F4B7BD028F6C3B600EFC1F5 /* Products */;
			projectDirPath = "";
			projectRoot = "";
			targets = (
				5F4B7BCE28F6C3B600EFC1F5 /* ManageExpenses */,
				5F4B7BDE28F6C3BC00EFC1F5 /* ManageExpensesTests */,
				5F4B7BE828F6C3BC00EFC1F5 /* ManageExpensesUITests */,
			);
		};
/* End PBXProject section */

/* Begin PBXResourcesBuildPhase section */
		5F4B7BCD28F6C3B600EFC1F5 /* Resources */ = {
			isa = PBXResourcesBuildPhase;
			buildActionMask = 2147483647;
			files = (
				5F4B7BDA28F6C3BC00EFC1F5 /* Preview Assets.xcassets in Resources */,
				5F4B7BD728F6C3BC00EFC1F5 /* Assets.xcassets in Resources */,
				FAB1E35528F7FBFE00667CF2 /* termAndCondition.html in Resources */,
			);
			runOnlyForDeploymentPostprocessing = 0;
		};
		5F4B7BDD28F6C3BC00EFC1F5 /* Resources */ = {
			isa = PBXResourcesBuildPhase;
			buildActionMask = 2147483647;
			files = (
			);
			runOnlyForDeploymentPostprocessing = 0;
		};
		5F4B7BE728F6C3BC00EFC1F5 /* Resources */ = {
			isa = PBXResourcesBuildPhase;
			buildActionMask = 2147483647;
			files = (
			);
			runOnlyForDeploymentPostprocessing = 0;
		};
/* End PBXResourcesBuildPhase section */

/* Begin PBXSourcesBuildPhase section */
		5F4B7BCB28F6C3B600EFC1F5 /* Sources */ = {
			isa = PBXSourcesBuildPhase;
			buildActionMask = 2147483647;
			files = (
				FAA478F228F8AEF300C06B31 /* PasscodeWidgetView.swift in Sources */,
				5F4B7C0128F6CE8400EFC1F5 /* LoginIntroModel.swift in Sources */,
				5F4B7C0A28F6D7B000EFC1F5 /* ButtonWidgetView.swift in Sources */,
				5F4B7C0928F6D7B000EFC1F5 /* ButtonsStyles.swift in Sources */,
				FAA478F028F8849000C06B31 /* SignupVerification.swift in Sources */,
				5F4B7C0528F6D27600EFC1F5 /* CustomColor.swift in Sources */,
				FAB1E35828F7FCC300667CF2 /* Enums.swift in Sources */,
				FAB1E34328F7441800667CF2 /* String.swift in Sources */,
				FAB1E34628F746AA00667CF2 /* Constants.swift in Sources */,
				FAB1E34128F743E500667CF2 /* Utilities.swift in Sources */,
				FAB1E33F28F73F0900667CF2 /* UIView.swift in Sources */,
				FAB1E34828F7E8FF00667CF2 /* NavigationView.swift in Sources */,
				FAB1E34A28F7EDC900667CF2 /* Image.swift in Sources */,
				FAB1E35028F7F81F00667CF2 /* WebView.swift in Sources */,
				5F4B7C0C28F6E30100EFC1F5 /* SignUpView.swift in Sources */,
				FAB1E33C28F735A600667CF2 /* InputWidgetView.swift in Sources */,
				5F4B7BFD28F6C56B00EFC1F5 /* LoginIntroPageView.swift in Sources */,
				FAA478E628F87BD700C06B31 /* LoginIntroViewModel.swift in Sources */,
				5F4B7BD328F6C3B600EFC1F5 /* ManageExpensesApp.swift in Sources */,
				FAA478E828F87FD300C06B31 /* LoginIntroView.swift in Sources */,
			);
			runOnlyForDeploymentPostprocessing = 0;
		};
		5F4B7BDB28F6C3BC00EFC1F5 /* Sources */ = {
			isa = PBXSourcesBuildPhase;
			buildActionMask = 2147483647;
			files = (
				5F4B7BE428F6C3BC00EFC1F5 /* ManageExpensesTests.swift in Sources */,
			);
			runOnlyForDeploymentPostprocessing = 0;
		};
		5F4B7BE528F6C3BC00EFC1F5 /* Sources */ = {
			isa = PBXSourcesBuildPhase;
			buildActionMask = 2147483647;
			files = (
				5F4B7BF028F6C3BC00EFC1F5 /* ManageExpensesUITestsLaunchTests.swift in Sources */,
				5F4B7BEE28F6C3BC00EFC1F5 /* ManageExpensesUITests.swift in Sources */,
			);
			runOnlyForDeploymentPostprocessing = 0;
		};
/* End PBXSourcesBuildPhase section */

/* Begin PBXTargetDependency section */
		5F4B7BE128F6C3BC00EFC1F5 /* PBXTargetDependency */ = {
			isa = PBXTargetDependency;
			target = 5F4B7BCE28F6C3B600EFC1F5 /* ManageExpenses */;
			targetProxy = 5F4B7BE028F6C3BC00EFC1F5 /* PBXContainerItemProxy */;
		};
		5F4B7BEB28F6C3BC00EFC1F5 /* PBXTargetDependency */ = {
			isa = PBXTargetDependency;
			target = 5F4B7BCE28F6C3B600EFC1F5 /* ManageExpenses */;
			targetProxy = 5F4B7BEA28F6C3BC00EFC1F5 /* PBXContainerItemProxy */;
		};
/* End PBXTargetDependency section */

/* Begin XCBuildConfiguration section */
		5F4B7BF128F6C3BC00EFC1F5 /* Debug */ = {
			isa = XCBuildConfiguration;
			buildSettings = {
				ALWAYS_SEARCH_USER_PATHS = NO;
				CLANG_ANALYZER_NONNULL = YES;
				CLANG_ANALYZER_NUMBER_OBJECT_CONVERSION = YES_AGGRESSIVE;
				CLANG_CXX_LANGUAGE_STANDARD = "gnu++17";
				CLANG_ENABLE_MODULES = YES;
				CLANG_ENABLE_OBJC_ARC = YES;
				CLANG_ENABLE_OBJC_WEAK = YES;
				CLANG_WARN_BLOCK_CAPTURE_AUTORELEASING = YES;
				CLANG_WARN_BOOL_CONVERSION = YES;
				CLANG_WARN_COMMA = YES;
				CLANG_WARN_CONSTANT_CONVERSION = YES;
				CLANG_WARN_DEPRECATED_OBJC_IMPLEMENTATIONS = YES;
				CLANG_WARN_DIRECT_OBJC_ISA_USAGE = YES_ERROR;
				CLANG_WARN_DOCUMENTATION_COMMENTS = YES;
				CLANG_WARN_EMPTY_BODY = YES;
				CLANG_WARN_ENUM_CONVERSION = YES;
				CLANG_WARN_INFINITE_RECURSION = YES;
				CLANG_WARN_INT_CONVERSION = YES;
				CLANG_WARN_NON_LITERAL_NULL_CONVERSION = YES;
				CLANG_WARN_OBJC_IMPLICIT_RETAIN_SELF = YES;
				CLANG_WARN_OBJC_LITERAL_CONVERSION = YES;
				CLANG_WARN_OBJC_ROOT_CLASS = YES_ERROR;
				CLANG_WARN_QUOTED_INCLUDE_IN_FRAMEWORK_HEADER = YES;
				CLANG_WARN_RANGE_LOOP_ANALYSIS = YES;
				CLANG_WARN_STRICT_PROTOTYPES = YES;
				CLANG_WARN_SUSPICIOUS_MOVE = YES;
				CLANG_WARN_UNGUARDED_AVAILABILITY = YES_AGGRESSIVE;
				CLANG_WARN_UNREACHABLE_CODE = YES;
				CLANG_WARN__DUPLICATE_METHOD_MATCH = YES;
				COPY_PHASE_STRIP = NO;
				DEBUG_INFORMATION_FORMAT = dwarf;
				ENABLE_STRICT_OBJC_MSGSEND = YES;
				ENABLE_TESTABILITY = YES;
				GCC_C_LANGUAGE_STANDARD = gnu11;
				GCC_DYNAMIC_NO_PIC = NO;
				GCC_NO_COMMON_BLOCKS = YES;
				GCC_OPTIMIZATION_LEVEL = 0;
				GCC_PREPROCESSOR_DEFINITIONS = (
					"DEBUG=1",
					"$(inherited)",
				);
				GCC_WARN_64_TO_32_BIT_CONVERSION = YES;
				GCC_WARN_ABOUT_RETURN_TYPE = YES_ERROR;
				GCC_WARN_UNDECLARED_SELECTOR = YES;
				GCC_WARN_UNINITIALIZED_AUTOS = YES_AGGRESSIVE;
				GCC_WARN_UNUSED_FUNCTION = YES;
				GCC_WARN_UNUSED_VARIABLE = YES;
				IPHONEOS_DEPLOYMENT_TARGET = 15.4;
				MTL_ENABLE_DEBUG_INFO = INCLUDE_SOURCE;
				MTL_FAST_MATH = YES;
				ONLY_ACTIVE_ARCH = YES;
				SDKROOT = iphoneos;
				SWIFT_ACTIVE_COMPILATION_CONDITIONS = DEBUG;
				SWIFT_OPTIMIZATION_LEVEL = "-Onone";
			};
			name = Debug;
		};
		5F4B7BF228F6C3BC00EFC1F5 /* Release */ = {
			isa = XCBuildConfiguration;
			buildSettings = {
				ALWAYS_SEARCH_USER_PATHS = NO;
				CLANG_ANALYZER_NONNULL = YES;
				CLANG_ANALYZER_NUMBER_OBJECT_CONVERSION = YES_AGGRESSIVE;
				CLANG_CXX_LANGUAGE_STANDARD = "gnu++17";
				CLANG_ENABLE_MODULES = YES;
				CLANG_ENABLE_OBJC_ARC = YES;
				CLANG_ENABLE_OBJC_WEAK = YES;
				CLANG_WARN_BLOCK_CAPTURE_AUTORELEASING = YES;
				CLANG_WARN_BOOL_CONVERSION = YES;
				CLANG_WARN_COMMA = YES;
				CLANG_WARN_CONSTANT_CONVERSION = YES;
				CLANG_WARN_DEPRECATED_OBJC_IMPLEMENTATIONS = YES;
				CLANG_WARN_DIRECT_OBJC_ISA_USAGE = YES_ERROR;
				CLANG_WARN_DOCUMENTATION_COMMENTS = YES;
				CLANG_WARN_EMPTY_BODY = YES;
				CLANG_WARN_ENUM_CONVERSION = YES;
				CLANG_WARN_INFINITE_RECURSION = YES;
				CLANG_WARN_INT_CONVERSION = YES;
				CLANG_WARN_NON_LITERAL_NULL_CONVERSION = YES;
				CLANG_WARN_OBJC_IMPLICIT_RETAIN_SELF = YES;
				CLANG_WARN_OBJC_LITERAL_CONVERSION = YES;
				CLANG_WARN_OBJC_ROOT_CLASS = YES_ERROR;
				CLANG_WARN_QUOTED_INCLUDE_IN_FRAMEWORK_HEADER = YES;
				CLANG_WARN_RANGE_LOOP_ANALYSIS = YES;
				CLANG_WARN_STRICT_PROTOTYPES = YES;
				CLANG_WARN_SUSPICIOUS_MOVE = YES;
				CLANG_WARN_UNGUARDED_AVAILABILITY = YES_AGGRESSIVE;
				CLANG_WARN_UNREACHABLE_CODE = YES;
				CLANG_WARN__DUPLICATE_METHOD_MATCH = YES;
				COPY_PHASE_STRIP = NO;
				DEBUG_INFORMATION_FORMAT = "dwarf-with-dsym";
				ENABLE_NS_ASSERTIONS = NO;
				ENABLE_STRICT_OBJC_MSGSEND = YES;
				GCC_C_LANGUAGE_STANDARD = gnu11;
				GCC_NO_COMMON_BLOCKS = YES;
				GCC_WARN_64_TO_32_BIT_CONVERSION = YES;
				GCC_WARN_ABOUT_RETURN_TYPE = YES_ERROR;
				GCC_WARN_UNDECLARED_SELECTOR = YES;
				GCC_WARN_UNINITIALIZED_AUTOS = YES_AGGRESSIVE;
				GCC_WARN_UNUSED_FUNCTION = YES;
				GCC_WARN_UNUSED_VARIABLE = YES;
				IPHONEOS_DEPLOYMENT_TARGET = 15.4;
				MTL_ENABLE_DEBUG_INFO = NO;
				MTL_FAST_MATH = YES;
				SDKROOT = iphoneos;
				SWIFT_COMPILATION_MODE = wholemodule;
				SWIFT_OPTIMIZATION_LEVEL = "-O";
				VALIDATE_PRODUCT = YES;
			};
			name = Release;
		};
		5F4B7BF428F6C3BC00EFC1F5 /* Debug */ = {
			isa = XCBuildConfiguration;
			buildSettings = {
				ASSETCATALOG_COMPILER_APPICON_NAME = AppIcon;
				ASSETCATALOG_COMPILER_GLOBAL_ACCENT_COLOR_NAME = AccentColor;
				CODE_SIGN_STYLE = Automatic;
				CURRENT_PROJECT_VERSION = 1;
				DEVELOPMENT_ASSET_PATHS = "\"ManageExpenses/Preview Content\"";
				ENABLE_PREVIEWS = YES;
				GENERATE_INFOPLIST_FILE = YES;
				INFOPLIST_KEY_UIApplicationSceneManifest_Generation = YES;
				INFOPLIST_KEY_UIApplicationSupportsIndirectInputEvents = YES;
				INFOPLIST_KEY_UILaunchScreen_Generation = YES;
				INFOPLIST_KEY_UISupportedInterfaceOrientations_iPad = "UIInterfaceOrientationPortrait UIInterfaceOrientationPortraitUpsideDown UIInterfaceOrientationLandscapeLeft UIInterfaceOrientationLandscapeRight";
				INFOPLIST_KEY_UISupportedInterfaceOrientations_iPhone = "UIInterfaceOrientationPortrait UIInterfaceOrientationLandscapeLeft UIInterfaceOrientationLandscapeRight";
				IPHONEOS_DEPLOYMENT_TARGET = 14.0;
				LD_RUNPATH_SEARCH_PATHS = (
					"$(inherited)",
					"@executable_path/Frameworks",
				);
				MARKETING_VERSION = 1.0;
				PRODUCT_BUNDLE_IDENTIFIER = com.volutiontech.static.ManageExpenses;
				PRODUCT_NAME = "$(TARGET_NAME)";
				SWIFT_EMIT_LOC_STRINGS = YES;
				SWIFT_VERSION = 5.0;
				TARGETED_DEVICE_FAMILY = "1,2";
			};
			name = Debug;
		};
		5F4B7BF528F6C3BC00EFC1F5 /* Release */ = {
			isa = XCBuildConfiguration;
			buildSettings = {
				ASSETCATALOG_COMPILER_APPICON_NAME = AppIcon;
				ASSETCATALOG_COMPILER_GLOBAL_ACCENT_COLOR_NAME = AccentColor;
				CODE_SIGN_STYLE = Automatic;
				CURRENT_PROJECT_VERSION = 1;
				DEVELOPMENT_ASSET_PATHS = "\"ManageExpenses/Preview Content\"";
				ENABLE_PREVIEWS = YES;
				GENERATE_INFOPLIST_FILE = YES;
				INFOPLIST_KEY_UIApplicationSceneManifest_Generation = YES;
				INFOPLIST_KEY_UIApplicationSupportsIndirectInputEvents = YES;
				INFOPLIST_KEY_UILaunchScreen_Generation = YES;
				INFOPLIST_KEY_UISupportedInterfaceOrientations_iPad = "UIInterfaceOrientationPortrait UIInterfaceOrientationPortraitUpsideDown UIInterfaceOrientationLandscapeLeft UIInterfaceOrientationLandscapeRight";
				INFOPLIST_KEY_UISupportedInterfaceOrientations_iPhone = "UIInterfaceOrientationPortrait UIInterfaceOrientationLandscapeLeft UIInterfaceOrientationLandscapeRight";
				IPHONEOS_DEPLOYMENT_TARGET = 14.0;
				LD_RUNPATH_SEARCH_PATHS = (
					"$(inherited)",
					"@executable_path/Frameworks",
				);
				MARKETING_VERSION = 1.0;
				PRODUCT_BUNDLE_IDENTIFIER = com.volutiontech.static.ManageExpenses;
				PRODUCT_NAME = "$(TARGET_NAME)";
				SWIFT_EMIT_LOC_STRINGS = YES;
				SWIFT_VERSION = 5.0;
				TARGETED_DEVICE_FAMILY = "1,2";
			};
			name = Release;
		};
		5F4B7BF728F6C3BC00EFC1F5 /* Debug */ = {
			isa = XCBuildConfiguration;
			buildSettings = {
				ALWAYS_EMBED_SWIFT_STANDARD_LIBRARIES = YES;
				BUNDLE_LOADER = "$(TEST_HOST)";
				CODE_SIGN_STYLE = Automatic;
				CURRENT_PROJECT_VERSION = 1;
				GENERATE_INFOPLIST_FILE = YES;
				IPHONEOS_DEPLOYMENT_TARGET = 15.4;
				MARKETING_VERSION = 1.0;
				PRODUCT_BUNDLE_IDENTIFIER = com.volutiontech.static.ManageExpensesTests;
				PRODUCT_NAME = "$(TARGET_NAME)";
				SWIFT_EMIT_LOC_STRINGS = NO;
				SWIFT_VERSION = 5.0;
				TARGETED_DEVICE_FAMILY = "1,2";
				TEST_HOST = "$(BUILT_PRODUCTS_DIR)/ManageExpenses.app/ManageExpenses";
			};
			name = Debug;
		};
		5F4B7BF828F6C3BC00EFC1F5 /* Release */ = {
			isa = XCBuildConfiguration;
			buildSettings = {
				ALWAYS_EMBED_SWIFT_STANDARD_LIBRARIES = YES;
				BUNDLE_LOADER = "$(TEST_HOST)";
				CODE_SIGN_STYLE = Automatic;
				CURRENT_PROJECT_VERSION = 1;
				GENERATE_INFOPLIST_FILE = YES;
				IPHONEOS_DEPLOYMENT_TARGET = 15.4;
				MARKETING_VERSION = 1.0;
				PRODUCT_BUNDLE_IDENTIFIER = com.volutiontech.static.ManageExpensesTests;
				PRODUCT_NAME = "$(TARGET_NAME)";
				SWIFT_EMIT_LOC_STRINGS = NO;
				SWIFT_VERSION = 5.0;
				TARGETED_DEVICE_FAMILY = "1,2";
				TEST_HOST = "$(BUILT_PRODUCTS_DIR)/ManageExpenses.app/ManageExpenses";
			};
			name = Release;
		};
		5F4B7BFA28F6C3BC00EFC1F5 /* Debug */ = {
			isa = XCBuildConfiguration;
			buildSettings = {
				ALWAYS_EMBED_SWIFT_STANDARD_LIBRARIES = YES;
				CODE_SIGN_STYLE = Automatic;
				CURRENT_PROJECT_VERSION = 1;
				GENERATE_INFOPLIST_FILE = YES;
				MARKETING_VERSION = 1.0;
				PRODUCT_BUNDLE_IDENTIFIER = com.volutiontech.static.ManageExpensesUITests;
				PRODUCT_NAME = "$(TARGET_NAME)";
				SWIFT_EMIT_LOC_STRINGS = NO;
				SWIFT_VERSION = 5.0;
				TARGETED_DEVICE_FAMILY = "1,2";
				TEST_TARGET_NAME = ManageExpenses;
			};
			name = Debug;
		};
		5F4B7BFB28F6C3BC00EFC1F5 /* Release */ = {
			isa = XCBuildConfiguration;
			buildSettings = {
				ALWAYS_EMBED_SWIFT_STANDARD_LIBRARIES = YES;
				CODE_SIGN_STYLE = Automatic;
				CURRENT_PROJECT_VERSION = 1;
				GENERATE_INFOPLIST_FILE = YES;
				MARKETING_VERSION = 1.0;
				PRODUCT_BUNDLE_IDENTIFIER = com.volutiontech.static.ManageExpensesUITests;
				PRODUCT_NAME = "$(TARGET_NAME)";
				SWIFT_EMIT_LOC_STRINGS = NO;
				SWIFT_VERSION = 5.0;
				TARGETED_DEVICE_FAMILY = "1,2";
				TEST_TARGET_NAME = ManageExpenses;
			};
			name = Release;
		};
/* End XCBuildConfiguration section */

/* Begin XCConfigurationList section */
		5F4B7BCA28F6C3B600EFC1F5 /* Build configuration list for PBXProject "ManageExpenses" */ = {
			isa = XCConfigurationList;
			buildConfigurations = (
				5F4B7BF128F6C3BC00EFC1F5 /* Debug */,
				5F4B7BF228F6C3BC00EFC1F5 /* Release */,
			);
			defaultConfigurationIsVisible = 0;
			defaultConfigurationName = Release;
		};
		5F4B7BF328F6C3BC00EFC1F5 /* Build configuration list for PBXNativeTarget "ManageExpenses" */ = {
			isa = XCConfigurationList;
			buildConfigurations = (
				5F4B7BF428F6C3BC00EFC1F5 /* Debug */,
				5F4B7BF528F6C3BC00EFC1F5 /* Release */,
			);
			defaultConfigurationIsVisible = 0;
			defaultConfigurationName = Release;
		};
		5F4B7BF628F6C3BC00EFC1F5 /* Build configuration list for PBXNativeTarget "ManageExpensesTests" */ = {
			isa = XCConfigurationList;
			buildConfigurations = (
				5F4B7BF728F6C3BC00EFC1F5 /* Debug */,
				5F4B7BF828F6C3BC00EFC1F5 /* Release */,
			);
			defaultConfigurationIsVisible = 0;
			defaultConfigurationName = Release;
		};
		5F4B7BF928F6C3BC00EFC1F5 /* Build configuration list for PBXNativeTarget "ManageExpensesUITests" */ = {
			isa = XCConfigurationList;
			buildConfigurations = (
				5F4B7BFA28F6C3BC00EFC1F5 /* Debug */,
				5F4B7BFB28F6C3BC00EFC1F5 /* Release */,
			);
			defaultConfigurationIsVisible = 0;
			defaultConfigurationName = Release;
		};
/* End XCConfigurationList section */
	};
	rootObject = 5F4B7BC728F6C3B600EFC1F5 /* Project object */;
}
